
Microsoft Visual Studio Solution File, Format Version 12.00
# Visual Studio Version 17
VisualStudioVersion = 17.6.33815.320
MinimumVisualStudioVersion = 10.0.40219.1
Project("{888888A0-9F3D-457C-B088-3A5042F75D52}") = "rename", "rename.pyproj", "{F2C06023-68FB-4A38-A1E1-746AE1DB78D0}"
EndProject
Global
	GlobalSection(SolutionConfigurationPlatforms) = preSolution
		Debug|Any CPU = Debug|Any CPU
		Release|Any CPU = Release|Any CPU
	EndGlobalSection
	GlobalSection(ProjectConfigurationPlatforms) = postSolution
		{F2C06023-68FB-4A38-A1E1-746AE1DB78D0}.Debug|Any CPU.ActiveCfg = Debug|Any CPU
		{F2C06023-68FB-4A38-A1E1-746AE1DB78D0}.Release|Any CPU.ActiveCfg = Release|Any CPU
	EndGlobalSection
	GlobalSection(SolutionProperties) = preSolution
		HideSolutionNode = FALSE
	EndGlobalSection
	GlobalSection(ExtensibilityGlobals) = postSolution
		SolutionGuid = {2DA26A43-2B4D-411A-831E-3106467B0615}
	EndGlobalSection
EndGlobal
